<?xml version="1.0" encoding="utf-8"?>
<Project ToolsVersion="4.0" xmlns="http://schemas.microsoft.com/developer/msbuild/2003">
  <ItemGroup>
    <Filter Include="Main">
      <UniqueIdentifier>{4FC737F1-C7A5-4376-A066-2A32D752A2FF}</UniqueIdentifier>
      <Extensions>cpp;c;cc;cxx;def;odl;idl;hpj;bat;asm;asmx</Extensions>
    </Filter>
    <Filter Include="Class">
      <UniqueIdentifier>{c822cfd6-7c34-4a8b-8ab4-db3c753c1f62}</UniqueIdentifier>
    </Filter>
    <Filter Include="Class\Base">
      <UniqueIdentifier>{29792982-5829-424d-90c5-81ba5c0f12c5}</UniqueIdentifier>
    </Filter>
    <Filter Include="Class\Header">
      <UniqueIdentifier>{2fe9a0d1-c020-4675-bbec-2dfefbb40426}</UniqueIdentifier>
    </Filter>
    <Filter Include="Class\V2.6.8.51">
      <UniqueIdentifier>{42fd7f68-995a-425d-9da9-3d7403bed298}</UniqueIdentifier>
    </Filter>
  </ItemGroup>
  <ItemGroup>
    <ClInclude Include="stdafx.h">
      <Filter>Main</Filter>
    </ClInclude>
    <ClInclude Include="targetver.h">
      <Filter>Main</Filter>
    </ClInclude>
    <ClInclude Include="resource.h" />
    <ClInclude Include="WXECommon.h">
      <Filter>Main</Filter>
    </ClInclude>
    <ClInclude Include="WXESubject.h">
      <Filter>Main</Filter>
    </ClInclude>
    <ClInclude Include="WXESubjectImpl.h">
      <Filter>Main</Filter>
    </ClInclude>
    <ClInclude Include="WXETypes.h">
      <Filter>Main</Filter>
    </ClInclude>
    <ClInclude Include="Class\Base\WXEFriendOperateBase.h">
      <Filter>Class\Base</Filter>
    </ClInclude>
    <ClInclude Include="Class\Base\WXELoginOperateBase.h">
      <Filter>Class\Base</Filter>
    </ClInclude>
    <ClInclude Include="Class\Header\WXEFriendOperateImpl.h">
      <Filter>Class\Header</Filter>
    </ClInclude>
    <ClInclude Include="Class\Header\WXELoginOperateImpl.h">
      <Filter>Class\Header</Filter>
    </ClInclude>
    <ClInclude Include="Class\Header\WXEChatRoomOperateImpl.h">
      <Filter>Class\Header</Filter>
    </ClInclude>
    <ClInclude Include="Class\Base\WXEChatRoomOperateBase.h">
      <Filter>Class\Base</Filter>
    </ClInclude>
  </ItemGroup>
  <ItemGroup>
    <ClCompile Include="stdafx.cpp">
      <Filter>Main</Filter>
    </ClCompile>
    <ClCompile Include="dllmain.cpp">
      <Filter>Main</Filter>
    </ClCompile>
    <ClCompile Include="WXESubject.cpp">
      <Filter>Main</Filter>
    </ClCompile>
    <ClCompile Include="WXESubjectImpl.cpp">
      <Filter>Main</Filter>
    </ClCompile>
    <ClCompile Include="Class\Base\WXEFriendOperateBase.cpp">
      <Filter>Class\Base</Filter>
    </ClCompile>
    <ClCompile Include="Class\Base\WXELoginOperateBase.cpp">
      <Filter>Class\Base</Filter>
    </ClCompile>
    <ClCompile Include="Class\V2.6.8.51\WXEFriendOperateV2_6_8_51.cpp">
      <Filter>Class\V2.6.8.51</Filter>
    </ClCompile>
    <ClCompile Include="Class\V2.6.8.51\WXELoginOperateV2_6_8_51.cpp">
      <Filter>Class\V2.6.8.51</Filter>
    </ClCompile>
    <ClCompile Include="Class\V2.6.8.51\WXEChatRoomOperateV2_6_8_51.cpp">
      <Filter>Class\V2.6.8.51</Filter>
    </ClCompile>
    <ClCompile Include="Class\Base\WXEChatRoomOperateBase.cpp">
      <Filter>Class\Base</Filter>
    </ClCompile>
  </ItemGroup>
  <ItemGroup>
    <ResourceCompile Include="WeChatElf.rc" />
  </ItemGroup>
</Project>